{
    "_readme": [
        "This file locks the dependencies of your project to a known state",
        "Read more about it at https://getcomposer.org/doc/01-basic-usage.md#installing-dependencies",
        "This file is @generated automatically"
    ],
    "content-hash": "296b67ad3b18f80083ee9e58fc0a4fa9",
    "packages": [
        {
            "name": "laravel-zero/installer",
            "version": "v2.10.0",
            "source": {
                "type": "git",
                "url": "https://github.com/laravel-zero/installer.git",
                "reference": "c0aca25fadb0db45453974b770f890eca89f2f73"
            },
            "dist": {
                "type": "zip",
                "url": "https://api.github.com/repos/laravel-zero/installer/zipball/c0aca25fadb0db45453974b770f890eca89f2f73",
                "reference": "c0aca25fadb0db45453974b770f890eca89f2f73",
                "shasum": ""
            },
            "require": {
                "php": "^8.2"
            },
            "require-dev": {
                "laravel-zero/framework": "^12.0",
                "laravel-zero/phar-updater": "^1.4"
            },
            "bin": [
                "builds/laravel-zero"
            ],
            "type": "project",
            "autoload": {
                "psr-4": {
                    "App\\": "app/"
                }
            },
            "notification-url": "https://packagist.org/downloads/",
            "license": [
                "MIT"
            ],
            "authors": [
                {
                    "name": "Nuno Maduro",
                    "email": "enunomaduro@gmail.com"
                }
            ],
            "description": "The Laravel Zero Framework.",
            "homepage": "https://laravel-zero.com",
            "keywords": [
                "Laravel Zero",
                "cli",
                "console",
                "framework",
                "laravel"
            ],
            "support": {
                "issues": "https://github.com/laravel-zero/laravel-zero/issues",
                "source": "https://github.com/laravel-zero/laravel-zero"
            },
            "time": "2025-06-20T14:22:38+00:00"
        }
    ],
    "packages-dev": [],
    "aliases": [],
    "minimum-stability": "stable",
    "stability-flags": {},
    "prefer-stable": false,
    "prefer-lowest": false,
    "platform": {},
    "platform-dev": {},
    "plugin-api-version": "2.6.0"
}
